
Microsoft Visual Studio Solution File, Format Version 12.00
# Visual Studio Version 17
VisualStudioVersion = 17.14.36915.13 d17.14
MinimumVisualStudioVersion = 10.0.40219.1
Project("{54A90642-561A-4BB1-A94E-469ADEE60C69}") = "ctrlaltshamil.client", "ctrlaltshamil.client\ctrlaltshamil.client.esproj", "{84DD0C94-1B73-EBF5-4362-951767B9F160}"
EndProject
Project("{FAE04EC0-301F-11D3-BF4B-00C04F79EFBC}") = "CtrlAltShamil.Server", "CtrlAltShamil.Server\CtrlAltShamil.Server.csproj", "{0C4A982F-F2AE-4974-988C-1D0835D27531}"
EndProject
Global
	GlobalSection(SolutionConfigurationPlatforms) = preSolution
		Debug|Any CPU = Debug|Any CPU
		Release|Any CPU = Release|Any CPU
	EndGlobalSection
	GlobalSection(ProjectConfigurationPlatforms) = postSolution
		{84DD0C94-1B73-EBF5-4362-951767B9F160}.Debug|Any CPU.ActiveCfg = Debug|Any CPU
		{84DD0C94-1B73-EBF5-4362-951767B9F160}.Debug|Any CPU.Build.0 = Debug|Any CPU
		{84DD0C94-1B73-EBF5-4362-951767B9F160}.Debug|Any CPU.Deploy.0 = Debug|Any CPU
		{84DD0C94-1B73-EBF5-4362-951767B9F160}.Release|Any CPU.ActiveCfg = Release|Any CPU
		{84DD0C94-1B73-EBF5-4362-951767B9F160}.Release|Any CPU.Build.0 = Release|Any CPU
		{84DD0C94-1B73-EBF5-4362-951767B9F160}.Release|Any CPU.Deploy.0 = Release|Any CPU
		{0C4A982F-F2AE-4974-988C-1D0835D27531}.Debug|Any CPU.ActiveCfg = Debug|Any CPU
		{0C4A982F-F2AE-4974-988C-1D0835D27531}.Debug|Any CPU.Build.0 = Debug|Any CPU
		{0C4A982F-F2AE-4974-988C-1D0835D27531}.Release|Any CPU.ActiveCfg = Release|Any CPU
		{0C4A982F-F2AE-4974-988C-1D0835D27531}.Release|Any CPU.Build.0 = Release|Any CPU
	EndGlobalSection
	GlobalSection(SolutionProperties) = preSolution
		HideSolutionNode = FALSE
	EndGlobalSection
	GlobalSection(ExtensibilityGlobals) = postSolution
		SolutionGuid = {FA9147CE-FC2E-47BC-B218-2A6D4EF11794}
	EndGlobalSection
EndGlobal
